
Microsoft Visual Studio Solution File, Format Version 12.00
# Visual Studio Version 17
VisualStudioVersion = 17.8.34511.84
MinimumVisualStudioVersion = 10.0.40219.1
Project("{FAE04EC0-301F-11D3-BF4B-00C04F79EFBC}") = "InventarioBackend", "InventarioBackend\InventarioBackend.csproj", "{6FF3C9B1-AF0A-4FFE-917A-785BF714A94A}"
EndProject
Global
	GlobalSection(SolutionConfigurationPlatforms) = preSolution
		Debug|Any CPU = Debug|Any CPU
		Release|Any CPU = Release|Any CPU
	EndGlobalSection
	GlobalSection(ProjectConfigurationPlatforms) = postSolution
		{6FF3C9B1-AF0A-4FFE-917A-785BF714A94A}.Debug|Any CPU.ActiveCfg = Debug|Any CPU
		{6FF3C9B1-AF0A-4FFE-917A-785BF714A94A}.Debug|Any CPU.Build.0 = Debug|Any CPU
		{6FF3C9B1-AF0A-4FFE-917A-785BF714A94A}.Release|Any CPU.ActiveCfg = Release|Any CPU
		{6FF3C9B1-AF0A-4FFE-917A-785BF714A94A}.Release|Any CPU.Build.0 = Release|Any CPU
	EndGlobalSection
	GlobalSection(SolutionProperties) = preSolution
		HideSolutionNode = FALSE
	EndGlobalSection
	GlobalSection(ExtensibilityGlobals) = postSolution
		SolutionGuid = {BCAB0FD0-80A5-4AB4-86CB-7620A04C70A2}
	EndGlobalSection
EndGlobal
